Microsoft Visual Studio Solution File, Format Version 12.00
# Visual Studio Version 17
VisualStudioVersion = 17.12.35707.178 d17.12
MinimumVisualStudioVersion = 10.0.40219.1
Project("{FAE04EC0-301F-11D3-BF4B-00C04F79EFBC}") = "Moment2", "Moment2.csproj", "{EAC544A8-F5C0-13E6-E389-9488F5904D01}"
EndProject
Global
	GlobalSection(SolutionConfigurationPlatforms) = preSolution
		Debug|Any CPU = Debug|Any CPU
		Release|Any CPU = Release|Any CPU
	EndGlobalSection
	GlobalSection(ProjectConfigurationPlatforms) = postSolution
		{EAC544A8-F5C0-13E6-E389-9488F5904D01}.Debug|Any CPU.ActiveCfg = Debug|Any CPU
		{EAC544A8-F5C0-13E6-E389-9488F5904D01}.Debug|Any CPU.Build.0 = Debug|Any CPU
		{EAC544A8-F5C0-13E6-E389-9488F5904D01}.Release|Any CPU.ActiveCfg = Release|Any CPU
		{EAC544A8-F5C0-13E6-E389-9488F5904D01}.Release|Any CPU.Build.0 = Release|Any CPU
	EndGlobalSection
	GlobalSection(SolutionProperties) = preSolution
		HideSolutionNode = FALSE
	EndGlobalSection
	GlobalSection(ExtensibilityGlobals) = postSolution
		SolutionGuid = {ECC1E463-84A7-4C83-87B2-5B98160AE3A3}
	EndGlobalSection
EndGlobal
